{
	"name": "datocms-structured-text-slate-utils",
	"version": "1.2.1",
	"lockfileVersion": 2,
	"requires": true,
	"packages": {
		"": {
			"name": "datocms-structured-text-slate-utils",
			"version": "1.2.0",
			"license": "MIT",
			"dependencies": {
				"lodash-es": "^4.17.21",
				"slate": "0.60.1"
			},
			"devDependencies": {
				"@types/lodash-es": "^4.17.5"
			}
		},
		"node_modules/@types/esrever": {
			"version": "0.2.0",
			"resolved": "https://registry.npmjs.org/@types/esrever/-/esrever-0.2.0.tgz",
			"integrity": "sha512-5NI6TeGzVEy/iBcuYtcPzzIC6EqlfQ2+UZ54vT0ulq8bPNGAy8UJD+XcsAyEOcnYFUjOVWuUV+k4/rVkxt9/XQ=="
		},
		"node_modules/@types/lodash": {
			"version": "4.14.177",
			"resolved": "https://registry.npmjs.org/@types/lodash/-/lodash-4.14.177.tgz",
			"integrity": "sha512-0fDwydE2clKe9MNfvXHBHF9WEahRuj+msTuQqOmAApNORFvhMYZKNGGJdCzuhheVjMps/ti0Ak/iJPACMaevvw==",
			"dev": true
		},
		"node_modules/@types/lodash-es": {
			"version": "4.17.5",
			"resolved": "https://registry.npmjs.org/@types/lodash-es/-/lodash-es-4.17.5.tgz",
			"integrity": "sha512-SHBoI8/0aoMQWAgUHMQ599VM6ZiSKg8sh/0cFqqlQQMyY9uEplc0ULU5yQNzcvdR4ZKa0ey8+vFmahuRbOCT1A==",
			"dev": true,
			"dependencies": {
				"@types/lodash": "*"
			}
		},
		"node_modules/esrever": {
			"version": "0.2.0",
			"resolved": "https://registry.npmjs.org/esrever/-/esrever-0.2.0.tgz",
			"integrity": "sha1-lunSj08bGnZ4TNXUkOquAQ50B7g=",
			"bin": {
				"esrever": "bin/esrever"
			}
		},
		"node_modules/immer": {
			"version": "5.3.6",
			"resolved": "https://registry.npmjs.org/immer/-/immer-5.3.6.tgz",
			"integrity": "sha512-pqWQ6ozVfNOUDjrLfm4Pt7q4Q12cGw2HUZgry4Q5+Myxu9nmHRkWBpI0J4+MK0AxbdFtdMTwEGVl7Vd+vEiK+A==",
			"funding": {
				"type": "opencollective",
				"url": "https://opencollective.com/immer"
			}
		},
		"node_modules/is-plain-object": {
			"version": "3.0.1",
			"resolved": "https://registry.npmjs.org/is-plain-object/-/is-plain-object-3.0.1.tgz",
			"integrity": "sha512-Xnpx182SBMrr/aBik8y+GuR4U1L9FqMSojwDQwPMmxyC6bvEqly9UBCxhauBF5vNh2gwWJNX6oDV7O+OM4z34g==",
			"engines": {
				"node": ">=0.10.0"
			}
		},
		"node_modules/lodash-es": {
			"version": "4.17.21",
			"resolved": "https://registry.npmjs.org/lodash-es/-/lodash-es-4.17.21.tgz",
			"integrity": "sha512-mKnC+QJ9pWVzv+C4/U3rRsHapFfHvQFoFB92e52xeyGMcX6/OlIl78je1u8vePzYZSkkogMPJ2yjxxsb89cxyw=="
		},
		"node_modules/slate": {
			"version": "0.60.1",
			"resolved": "https://registry.npmjs.org/slate/-/slate-0.60.1.tgz",
			"integrity": "sha512-kq006047am61+Wk7q1IjWssnVjagA2JOWMmNL3k4H+nXs1EMUgbVv4MJqORa9f9Y87tQ0/PGlMPpoR+qrZ0bSw==",
			"dependencies": {
				"@types/esrever": "^0.2.0",
				"esrever": "^0.2.0",
				"immer": "^5.0.0",
				"is-plain-object": "^3.0.0",
				"tiny-warning": "^1.0.3"
			}
		},
		"node_modules/tiny-warning": {
			"version": "1.0.3",
			"resolved": "https://registry.npmjs.org/tiny-warning/-/tiny-warning-1.0.3.tgz",
			"integrity": "sha512-lBN9zLN/oAf68o3zNXYrdCt1kP8WsiGW8Oo2ka41b2IM5JL/S1CTyX1rW0mb/zSuJun0ZUrDxx4sqvYS2FWzPA=="
		}
	},
	"dependencies": {
		"@types/esrever": {
			"version": "0.2.0",
			"resolved": "https://registry.npmjs.org/@types/esrever/-/esrever-0.2.0.tgz",
			"integrity": "sha512-5NI6TeGzVEy/iBcuYtcPzzIC6EqlfQ2+UZ54vT0ulq8bPNGAy8UJD+XcsAyEOcnYFUjOVWuUV+k4/rVkxt9/XQ=="
		},
		"@types/lodash": {
			"version": "4.14.177",
			"resolved": "https://registry.npmjs.org/@types/lodash/-/lodash-4.14.177.tgz",
			"integrity": "sha512-0fDwydE2clKe9MNfvXHBHF9WEahRuj+msTuQqOmAApNORFvhMYZKNGGJdCzuhheVjMps/ti0Ak/iJPACMaevvw==",
			"dev": true
		},
		"@types/lodash-es": {
			"version": "4.17.5",
			"resolved": "https://registry.npmjs.org/@types/lodash-es/-/lodash-es-4.17.5.tgz",
			"integrity": "sha512-SHBoI8/0aoMQWAgUHMQ599VM6ZiSKg8sh/0cFqqlQQMyY9uEplc0ULU5yQNzcvdR4ZKa0ey8+vFmahuRbOCT1A==",
			"dev": true,
			"requires": {
				"@types/lodash": "*"
			}
		},
		"esrever": {
			"version": "0.2.0",
			"resolved": "https://registry.npmjs.org/esrever/-/esrever-0.2.0.tgz",
			"integrity": "sha1-lunSj08bGnZ4TNXUkOquAQ50B7g="
		},
		"immer": {
			"version": "5.3.6",
			"resolved": "https://registry.npmjs.org/immer/-/immer-5.3.6.tgz",
			"integrity": "sha512-pqWQ6ozVfNOUDjrLfm4Pt7q4Q12cGw2HUZgry4Q5+Myxu9nmHRkWBpI0J4+MK0AxbdFtdMTwEGVl7Vd+vEiK+A=="
		},
		"is-plain-object": {
			"version": "3.0.1",
			"resolved": "https://registry.npmjs.org/is-plain-object/-/is-plain-object-3.0.1.tgz",
			"integrity": "sha512-Xnpx182SBMrr/aBik8y+GuR4U1L9FqMSojwDQwPMmxyC6bvEqly9UBCxhauBF5vNh2gwWJNX6oDV7O+OM4z34g=="
		},
		"lodash-es": {
			"version": "4.17.21",
			"resolved": "https://registry.npmjs.org/lodash-es/-/lodash-es-4.17.21.tgz",
			"integrity": "sha512-mKnC+QJ9pWVzv+C4/U3rRsHapFfHvQFoFB92e52xeyGMcX6/OlIl78je1u8vePzYZSkkogMPJ2yjxxsb89cxyw=="
		},
		"slate": {
			"version": "0.60.1",
			"resolved": "https://registry.npmjs.org/slate/-/slate-0.60.1.tgz",
			"integrity": "sha512-kq006047am61+Wk7q1IjWssnVjagA2JOWMmNL3k4H+nXs1EMUgbVv4MJqORa9f9Y87tQ0/PGlMPpoR+qrZ0bSw==",
			"requires": {
				"@types/esrever": "^0.2.0",
				"esrever": "^0.2.0",
				"immer": "^5.0.0",
				"is-plain-object": "^3.0.0",
				"tiny-warning": "^1.0.3"
			}
		},
		"tiny-warning": {
			"version": "1.0.3",
			"resolved": "https://registry.npmjs.org/tiny-warning/-/tiny-warning-1.0.3.tgz",
			"integrity": "sha512-lBN9zLN/oAf68o3zNXYrdCt1kP8WsiGW8Oo2ka41b2IM5JL/S1CTyX1rW0mb/zSuJun0ZUrDxx4sqvYS2FWzPA=="
		}
	}
}
