{
	"name": "datocms-structured-text-slate-utils",
	"version": "2.0.4",
	"lockfileVersion": 2,
	"requires": true,
	"packages": {
		"": {
			"name": "datocms-structured-text-slate-utils",
			"version": "2.0.4",
			"license": "MIT",
			"dependencies": {
				"lodash-es": "^4.17.21",
				"slate": "0.78.0"
			},
			"devDependencies": {
				"@types/lodash-es": "^4.17.5"
			}
		},
		"node_modules/@types/lodash": {
			"version": "4.14.177",
			"resolved": "https://registry.npmjs.org/@types/lodash/-/lodash-4.14.177.tgz",
			"integrity": "sha512-0fDwydE2clKe9MNfvXHBHF9WEahRuj+msTuQqOmAApNORFvhMYZKNGGJdCzuhheVjMps/ti0Ak/iJPACMaevvw==",
			"dev": true
		},
		"node_modules/@types/lodash-es": {
			"version": "4.17.5",
			"resolved": "https://registry.npmjs.org/@types/lodash-es/-/lodash-es-4.17.5.tgz",
			"integrity": "sha512-SHBoI8/0aoMQWAgUHMQ599VM6ZiSKg8sh/0cFqqlQQMyY9uEplc0ULU5yQNzcvdR4ZKa0ey8+vFmahuRbOCT1A==",
			"dev": true,
			"dependencies": {
				"@types/lodash": "*"
			}
		},
		"node_modules/immer": {
			"version": "9.0.12",
			"resolved": "https://registry.npmjs.org/immer/-/immer-9.0.12.tgz",
			"integrity": "sha512-lk7UNmSbAukB5B6dh9fnh5D0bJTOFKxVg2cyJWTYrWRfhLrLMBquONcUs3aFq507hNoIZEDDh8lb8UtOizSMhA==",
			"funding": {
				"type": "opencollective",
				"url": "https://opencollective.com/immer"
			}
		},
		"node_modules/is-plain-object": {
			"version": "5.0.0",
			"resolved": "https://registry.npmjs.org/is-plain-object/-/is-plain-object-5.0.0.tgz",
			"integrity": "sha512-VRSzKkbMm5jMDoKLbltAkFQ5Qr7VDiTFGXxYFXXowVj387GeGNOCsOH6Msy00SGZ3Fp84b1Naa1psqgcCIEP5Q==",
			"engines": {
				"node": ">=0.10.0"
			}
		},
		"node_modules/lodash-es": {
			"version": "4.17.21",
			"resolved": "https://registry.npmjs.org/lodash-es/-/lodash-es-4.17.21.tgz",
			"integrity": "sha512-mKnC+QJ9pWVzv+C4/U3rRsHapFfHvQFoFB92e52xeyGMcX6/OlIl78je1u8vePzYZSkkogMPJ2yjxxsb89cxyw=="
		},
		"node_modules/slate": {
			"version": "0.78.0",
			"resolved": "https://registry.npmjs.org/slate/-/slate-0.78.0.tgz",
			"integrity": "sha512-VwQ0RafT3JPf9SFrXI02Dh3S4Iz9en7d1nn50C/LJjjqjfgv+a2ORbgWMdYjhycPYldaxJwcI3OpP9D1g4SXEg==",
			"dependencies": {
				"immer": "^9.0.6",
				"is-plain-object": "^5.0.0",
				"tiny-warning": "^1.0.3"
			}
		},
		"node_modules/tiny-warning": {
			"version": "1.0.3",
			"resolved": "https://registry.npmjs.org/tiny-warning/-/tiny-warning-1.0.3.tgz",
			"integrity": "sha512-lBN9zLN/oAf68o3zNXYrdCt1kP8WsiGW8Oo2ka41b2IM5JL/S1CTyX1rW0mb/zSuJun0ZUrDxx4sqvYS2FWzPA=="
		}
	},
	"dependencies": {
		"@types/lodash": {
			"version": "4.14.177",
			"resolved": "https://registry.npmjs.org/@types/lodash/-/lodash-4.14.177.tgz",
			"integrity": "sha512-0fDwydE2clKe9MNfvXHBHF9WEahRuj+msTuQqOmAApNORFvhMYZKNGGJdCzuhheVjMps/ti0Ak/iJPACMaevvw==",
			"dev": true
		},
		"@types/lodash-es": {
			"version": "4.17.5",
			"resolved": "https://registry.npmjs.org/@types/lodash-es/-/lodash-es-4.17.5.tgz",
			"integrity": "sha512-SHBoI8/0aoMQWAgUHMQ599VM6ZiSKg8sh/0cFqqlQQMyY9uEplc0ULU5yQNzcvdR4ZKa0ey8+vFmahuRbOCT1A==",
			"dev": true,
			"requires": {
				"@types/lodash": "*"
			}
		},
		"immer": {
			"version": "9.0.12",
			"resolved": "https://registry.npmjs.org/immer/-/immer-9.0.12.tgz",
			"integrity": "sha512-lk7UNmSbAukB5B6dh9fnh5D0bJTOFKxVg2cyJWTYrWRfhLrLMBquONcUs3aFq507hNoIZEDDh8lb8UtOizSMhA=="
		},
		"is-plain-object": {
			"version": "5.0.0",
			"resolved": "https://registry.npmjs.org/is-plain-object/-/is-plain-object-5.0.0.tgz",
			"integrity": "sha512-VRSzKkbMm5jMDoKLbltAkFQ5Qr7VDiTFGXxYFXXowVj387GeGNOCsOH6Msy00SGZ3Fp84b1Naa1psqgcCIEP5Q=="
		},
		"lodash-es": {
			"version": "4.17.21",
			"resolved": "https://registry.npmjs.org/lodash-es/-/lodash-es-4.17.21.tgz",
			"integrity": "sha512-mKnC+QJ9pWVzv+C4/U3rRsHapFfHvQFoFB92e52xeyGMcX6/OlIl78je1u8vePzYZSkkogMPJ2yjxxsb89cxyw=="
		},
		"slate": {
			"version": "0.78.0",
			"resolved": "https://registry.npmjs.org/slate/-/slate-0.78.0.tgz",
			"integrity": "sha512-VwQ0RafT3JPf9SFrXI02Dh3S4Iz9en7d1nn50C/LJjjqjfgv+a2ORbgWMdYjhycPYldaxJwcI3OpP9D1g4SXEg==",
			"requires": {
				"immer": "^9.0.6",
				"is-plain-object": "^5.0.0",
				"tiny-warning": "^1.0.3"
			}
		},
		"tiny-warning": {
			"version": "1.0.3",
			"resolved": "https://registry.npmjs.org/tiny-warning/-/tiny-warning-1.0.3.tgz",
			"integrity": "sha512-lBN9zLN/oAf68o3zNXYrdCt1kP8WsiGW8Oo2ka41b2IM5JL/S1CTyX1rW0mb/zSuJun0ZUrDxx4sqvYS2FWzPA=="
		}
	}
}
