{
	"name": "datocms-contentful-to-structured-text",
	"version": "1.2.0",
	"lockfileVersion": 2,
	"requires": true,
	"packages": {
		"": {
			"name": "datocms-contentful-to-structured-text",
			"version": "1.1.0-alpha.2",
			"license": "MIT",
			"dependencies": {
				"@contentful/rich-text-types": "^14.1.2"
			}
		},
		"node_modules/@contentful/rich-text-types": {
			"version": "14.1.2",
			"resolved": "https://registry.npmjs.org/@contentful/rich-text-types/-/rich-text-types-14.1.2.tgz",
			"integrity": "sha512-XbgZ7op5uyYYszipgQg/bYobF4b+llXyTwS8hISRniQY9xKESz544eP2OGmRc4J3MHx29M7Vmx7TVA/IK65giQ==",
			"engines": {
				"node": ">=6.0.0"
			}
		}
	},
	"dependencies": {
		"@contentful/rich-text-types": {
			"version": "14.1.2",
			"resolved": "https://registry.npmjs.org/@contentful/rich-text-types/-/rich-text-types-14.1.2.tgz",
			"integrity": "sha512-XbgZ7op5uyYYszipgQg/bYobF4b+llXyTwS8hISRniQY9xKESz544eP2OGmRc4J3MHx29M7Vmx7TVA/IK65giQ=="
		}
	}
}
