{
	"name": "datocms-html-to-structured-text",
	"version": "1.2.0",
	"lockfileVersion": 2,
	"requires": true,
	"packages": {
		"": {
			"name": "datocms-html-to-structured-text",
			"version": "1.1.0-alpha.2",
			"license": "MIT",
			"dependencies": {
				"extend": "^3.0.2",
				"hast-util-from-dom": "^3.0.0",
				"hast-util-from-parse5": "^6.0.1",
				"hast-util-has-property": "^1.0.4",
				"hast-util-is-element": "^1.1.0",
				"hast-util-to-text": "^2.0.1",
				"rehype-minify-whitespace": "^4.0.5",
				"unist-util-is": "^4.0.4",
				"unist-utils-core": "^1.0.5"
			},
			"devDependencies": {
				"parse5": "^6.0.1"
			}
		},
		"node_modules/@types/hast": {
			"version": "2.3.1",
			"resolved": "https://registry.npmjs.org/@types/hast/-/hast-2.3.1.tgz",
			"integrity": "sha512-viwwrB+6xGzw+G1eWpF9geV3fnsDgXqHG+cqgiHrvQfDUW5hzhCyV7Sy3UJxhfRFBsgky2SSW33qi/YrIkjX5Q==",
			"dependencies": {
				"@types/unist": "*"
			}
		},
		"node_modules/@types/parse5": {
			"version": "5.0.3",
			"resolved": "https://registry.npmjs.org/@types/parse5/-/parse5-5.0.3.tgz",
			"integrity": "sha512-kUNnecmtkunAoQ3CnjmMkzNU/gtxG8guhi+Fk2U/kOpIKjIMKnXGp4IJCgQJrXSgMsWYimYG4TGjz/UzbGEBTw=="
		},
		"node_modules/@types/unist": {
			"version": "2.0.3",
			"resolved": "https://registry.npmjs.org/@types/unist/-/unist-2.0.3.tgz",
			"integrity": "sha512-FvUupuM3rlRsRtCN+fDudtmytGO6iHJuuRKS1Ss0pG5z8oX0diNEw94UEL7hgDbpN94rgaK5R7sWm6RrSkZuAQ=="
		},
		"node_modules/boolbase": {
			"version": "1.0.0",
			"resolved": "https://registry.npmjs.org/boolbase/-/boolbase-1.0.0.tgz",
			"integrity": "sha1-aN/1++YMUes3cl6p4+0xDcwed24="
		},
		"node_modules/comma-separated-tokens": {
			"version": "1.0.8",
			"resolved": "https://registry.npmjs.org/comma-separated-tokens/-/comma-separated-tokens-1.0.8.tgz",
			"integrity": "sha512-GHuDRO12Sypu2cV70d1dkA2EUmXHgntrzbpvOB+Qy+49ypNfGgFQIC2fhhXbnyrJRynDCAARsT7Ou0M6hirpfw=="
		},
		"node_modules/css-selector-parser": {
			"version": "1.4.1",
			"resolved": "https://registry.npmjs.org/css-selector-parser/-/css-selector-parser-1.4.1.tgz",
			"integrity": "sha512-HYPSb7y/Z7BNDCOrakL4raGO2zltZkbeXyAd6Tg9obzix6QhzxCotdBl6VT0Dv4vZfJGVz3WL/xaEI9Ly3ul0g=="
		},
		"node_modules/extend": {
			"version": "3.0.2",
			"resolved": "https://registry.npmjs.org/extend/-/extend-3.0.2.tgz",
			"integrity": "sha512-fjquC59cD7CyW6urNXK0FBufkZcoiGG80wTuPujX590cB5Ttln20E2UB4S/WARVqhXffZl2LNgS+gQdPIIim/g=="
		},
		"node_modules/hast-util-embedded": {
			"version": "1.0.6",
			"resolved": "https://registry.npmjs.org/hast-util-embedded/-/hast-util-embedded-1.0.6.tgz",
			"integrity": "sha512-JQMW+TJe0UAIXZMjCJ4Wf6ayDV9Yv3PBDPsHD4ExBpAspJ6MOcCX+nzVF+UJVv7OqPcg852WEMSHQPoRA+FVSw==",
			"dependencies": {
				"hast-util-is-element": "^1.1.0"
			}
		},
		"node_modules/hast-util-from-dom": {
			"version": "3.0.0",
			"resolved": "https://registry.npmjs.org/hast-util-from-dom/-/hast-util-from-dom-3.0.0.tgz",
			"integrity": "sha512-4vQuGiD5Y/wlD7fZiY4mZML/6oh0GOnH38UNyeDFcSTE4AHF0zjKHZfbd+ekVwPvsZXRl8choc99INHUwSPJlg==",
			"dependencies": {
				"hastscript": "^6.0.0",
				"web-namespaces": "^1.0.0"
			}
		},
		"node_modules/hast-util-from-parse5": {
			"version": "6.0.1",
			"resolved": "https://registry.npmjs.org/hast-util-from-parse5/-/hast-util-from-parse5-6.0.1.tgz",
			"integrity": "sha512-jeJUWiN5pSxW12Rh01smtVkZgZr33wBokLzKLwinYOUfSzm1Nl/c3GUGebDyOKjdsRgMvoVbV0VpAcpjF4NrJA==",
			"dependencies": {
				"@types/parse5": "^5.0.0",
				"hastscript": "^6.0.0",
				"property-information": "^5.0.0",
				"vfile": "^4.0.0",
				"vfile-location": "^3.2.0",
				"web-namespaces": "^1.0.0"
			}
		},
		"node_modules/hast-util-has-property": {
			"version": "1.0.4",
			"resolved": "https://registry.npmjs.org/hast-util-has-property/-/hast-util-has-property-1.0.4.tgz",
			"integrity": "sha512-ghHup2voGfgFoHMGnaLHOjbYFACKrRh9KFttdCzMCbFoBMJXiNi2+XTrPP8+q6cDJM/RSqlCfVWrjp1H201rZg=="
		},
		"node_modules/hast-util-is-element": {
			"version": "1.1.0",
			"resolved": "https://registry.npmjs.org/hast-util-is-element/-/hast-util-is-element-1.1.0.tgz",
			"integrity": "sha512-oUmNua0bFbdrD/ELDSSEadRVtWZOf3iF6Lbv81naqsIV99RnSCieTbWuWCY8BAeEfKJTKl0gRdokv+dELutHGQ=="
		},
		"node_modules/hast-util-parse-selector": {
			"version": "2.2.5",
			"resolved": "https://registry.npmjs.org/hast-util-parse-selector/-/hast-util-parse-selector-2.2.5.tgz",
			"integrity": "sha512-7j6mrk/qqkSehsM92wQjdIgWM2/BW61u/53G6xmC8i1OmEdKLHbk419QKQUjz6LglWsfqoiHmyMRkP1BGjecNQ=="
		},
		"node_modules/hast-util-to-text": {
			"version": "2.0.1",
			"resolved": "https://registry.npmjs.org/hast-util-to-text/-/hast-util-to-text-2.0.1.tgz",
			"integrity": "sha512-8nsgCARfs6VkwH2jJU9b8LNTuR4700na+0h3PqCaEk4MAnMDeu5P0tP8mjk9LLNGxIeQRLbiDbZVw6rku+pYsQ==",
			"dependencies": {
				"hast-util-is-element": "^1.0.0",
				"repeat-string": "^1.0.0",
				"unist-util-find-after": "^3.0.0"
			}
		},
		"node_modules/hast-util-whitespace": {
			"version": "1.0.4",
			"resolved": "https://registry.npmjs.org/hast-util-whitespace/-/hast-util-whitespace-1.0.4.tgz",
			"integrity": "sha512-I5GTdSfhYfAPNztx2xJRQpG8cuDSNt599/7YUn7Gx/WxNMsG+a835k97TDkFgk123cwjfwINaZknkKkphx/f2A=="
		},
		"node_modules/hastscript": {
			"version": "6.0.0",
			"resolved": "https://registry.npmjs.org/hastscript/-/hastscript-6.0.0.tgz",
			"integrity": "sha512-nDM6bvd7lIqDUiYEiu5Sl/+6ReP0BMk/2f4U/Rooccxkj0P5nm+acM5PrGJ/t5I8qPGiqZSE6hVAwZEdZIvP4w==",
			"dependencies": {
				"@types/hast": "^2.0.0",
				"comma-separated-tokens": "^1.0.0",
				"hast-util-parse-selector": "^2.0.0",
				"property-information": "^5.0.0",
				"space-separated-tokens": "^1.0.0"
			}
		},
		"node_modules/is-buffer": {
			"version": "2.0.5",
			"resolved": "https://registry.npmjs.org/is-buffer/-/is-buffer-2.0.5.tgz",
			"integrity": "sha512-i2R6zNFDwgEHJyQUtJEk0XFi1i0dPFn/oqjK3/vPCcDeJvW5NQ83V8QbicfF1SupOaB0h8ntgBC2YiE7dfyctQ==",
			"engines": {
				"node": ">=4"
			}
		},
		"node_modules/not": {
			"version": "0.1.0",
			"resolved": "https://registry.npmjs.org/not/-/not-0.1.0.tgz",
			"integrity": "sha1-yWkcF0bFXc++VMvYvU/wQbwrUZ0="
		},
		"node_modules/nth-check": {
			"version": "2.0.0",
			"resolved": "https://registry.npmjs.org/nth-check/-/nth-check-2.0.0.tgz",
			"integrity": "sha512-i4sc/Kj8htBrAiH1viZ0TgU8Y5XqCaV/FziYK6TBczxmeKm3AEFWqqF3195yKudrarqy7Zu80Ra5dobFjn9X/Q==",
			"dependencies": {
				"boolbase": "^1.0.0"
			}
		},
		"node_modules/parse5": {
			"version": "6.0.1",
			"resolved": "https://registry.npmjs.org/parse5/-/parse5-6.0.1.tgz",
			"integrity": "sha512-Ofn/CTFzRGTTxwpNEs9PP93gXShHcTq255nzRYSKe8AkVpZY7e1fpmTfOyoIvjP5HG7Z2ZM7VS9PPhQGW2pOpw==",
			"dev": true
		},
		"node_modules/property-information": {
			"version": "5.6.0",
			"resolved": "https://registry.npmjs.org/property-information/-/property-information-5.6.0.tgz",
			"integrity": "sha512-YUHSPk+A30YPv+0Qf8i9Mbfe/C0hdPXk1s1jPVToV8pk8BQtpw10ct89Eo7OWkutrwqvT0eicAxlOg3dOAu8JA==",
			"dependencies": {
				"xtend": "^4.0.0"
			}
		},
		"node_modules/rehype-minify-whitespace": {
			"version": "4.0.5",
			"resolved": "https://registry.npmjs.org/rehype-minify-whitespace/-/rehype-minify-whitespace-4.0.5.tgz",
			"integrity": "sha512-QC3Z+bZ5wbv+jGYQewpAAYhXhzuH/TVRx7z08rurBmh9AbG8Nu8oJnvs9LWj43Fd/C7UIhXoQ7Wddgt+ThWK5g==",
			"dependencies": {
				"hast-util-embedded": "^1.0.0",
				"hast-util-is-element": "^1.0.0",
				"hast-util-whitespace": "^1.0.4",
				"unist-util-is": "^4.0.0"
			}
		},
		"node_modules/repeat-string": {
			"version": "1.6.1",
			"resolved": "https://registry.npmjs.org/repeat-string/-/repeat-string-1.6.1.tgz",
			"integrity": "sha1-jcrkcOHIirwtYA//Sndihtp15jc=",
			"engines": {
				"node": ">=0.10"
			}
		},
		"node_modules/space-separated-tokens": {
			"version": "1.1.5",
			"resolved": "https://registry.npmjs.org/space-separated-tokens/-/space-separated-tokens-1.1.5.tgz",
			"integrity": "sha512-q/JSVd1Lptzhf5bkYm4ob4iWPjx0KiRe3sRFBNrVqbJkFaBm5vbbowy1mymoPNLRa52+oadOhJ+K49wsSeSjTA=="
		},
		"node_modules/tslib": {
			"version": "1.14.1",
			"resolved": "https://registry.npmjs.org/tslib/-/tslib-1.14.1.tgz",
			"integrity": "sha512-Xni35NKzjgMrwevysHTCArtLDpPvye8zV/0E4EyYn43P7/7qvQwPh9BGkHewbMulVntbigmcT7rdX3BNo9wRJg=="
		},
		"node_modules/unist-util-find-after": {
			"version": "3.0.0",
			"resolved": "https://registry.npmjs.org/unist-util-find-after/-/unist-util-find-after-3.0.0.tgz",
			"integrity": "sha512-ojlBqfsBftYXExNu3+hHLfJQ/X1jYY/9vdm4yZWjIbf0VuWF6CRufci1ZyoD/wV2TYMKxXUoNuoqwy+CkgzAiQ==",
			"dependencies": {
				"unist-util-is": "^4.0.0"
			}
		},
		"node_modules/unist-util-is": {
			"version": "4.0.4",
			"resolved": "https://registry.npmjs.org/unist-util-is/-/unist-util-is-4.0.4.tgz",
			"integrity": "sha512-3dF39j/u423v4BBQrk1AQ2Ve1FxY5W3JKwXxVFzBODQ6WEvccguhgp802qQLKSnxPODE6WuRZtV+ohlUg4meBA=="
		},
		"node_modules/unist-util-select": {
			"version": "3.0.4",
			"resolved": "https://registry.npmjs.org/unist-util-select/-/unist-util-select-3.0.4.tgz",
			"integrity": "sha512-xf1zCu4okgPqGLdhCDpRnjwBNyv3EqjiXRUbz2SdK1+qnLMB7uXXajfzuBvvbHoQ+JLyp4AEbFCGndmc6S72sw==",
			"dependencies": {
				"css-selector-parser": "^1.0.0",
				"not": "^0.1.0",
				"nth-check": "^2.0.0",
				"unist-util-is": "^4.0.0",
				"zwitch": "^1.0.0"
			}
		},
		"node_modules/unist-util-stringify-position": {
			"version": "2.0.3",
			"resolved": "https://registry.npmjs.org/unist-util-stringify-position/-/unist-util-stringify-position-2.0.3.tgz",
			"integrity": "sha512-3faScn5I+hy9VleOq/qNbAd6pAx7iH5jYBMS9I1HgQVijz/4mv5Bvw5iw1sC/90CODiKo81G/ps8AJrISn687g==",
			"dependencies": {
				"@types/unist": "^2.0.2"
			}
		},
		"node_modules/unist-utils-core": {
			"version": "1.0.5",
			"resolved": "https://registry.npmjs.org/unist-utils-core/-/unist-utils-core-1.0.5.tgz",
			"integrity": "sha512-pRLoK6qpHH8a3+lZADjqdSdt8ZwOJXWl4IoAXnoRqQN95dqlTvqoG3S8aaN4DAxv2UT0B5+qa11oBlGU+XlNVQ==",
			"dependencies": {
				"tslib": "^1.13.0",
				"unist-util-is": "^4.0.2",
				"unist-util-select": "^3.0.1"
			}
		},
		"node_modules/vfile": {
			"version": "4.2.1",
			"resolved": "https://registry.npmjs.org/vfile/-/vfile-4.2.1.tgz",
			"integrity": "sha512-O6AE4OskCG5S1emQ/4gl8zK586RqA3srz3nfK/Viy0UPToBc5Trp9BVFb1u0CjsKrAWwnpr4ifM/KBXPWwJbCA==",
			"dependencies": {
				"@types/unist": "^2.0.0",
				"is-buffer": "^2.0.0",
				"unist-util-stringify-position": "^2.0.0",
				"vfile-message": "^2.0.0"
			}
		},
		"node_modules/vfile-location": {
			"version": "3.2.0",
			"resolved": "https://registry.npmjs.org/vfile-location/-/vfile-location-3.2.0.tgz",
			"integrity": "sha512-aLEIZKv/oxuCDZ8lkJGhuhztf/BW4M+iHdCwglA/eWc+vtuRFJj8EtgceYFX4LRjOhCAAiNHsKGssC6onJ+jbA=="
		},
		"node_modules/vfile-message": {
			"version": "2.0.4",
			"resolved": "https://registry.npmjs.org/vfile-message/-/vfile-message-2.0.4.tgz",
			"integrity": "sha512-DjssxRGkMvifUOJre00juHoP9DPWuzjxKuMDrhNbk2TdaYYBNMStsNhEOt3idrtI12VQYM/1+iM0KOzXi4pxwQ==",
			"dependencies": {
				"@types/unist": "^2.0.0",
				"unist-util-stringify-position": "^2.0.0"
			}
		},
		"node_modules/web-namespaces": {
			"version": "1.1.4",
			"resolved": "https://registry.npmjs.org/web-namespaces/-/web-namespaces-1.1.4.tgz",
			"integrity": "sha512-wYxSGajtmoP4WxfejAPIr4l0fVh+jeMXZb08wNc0tMg6xsfZXj3cECqIK0G7ZAqUq0PP8WlMDtaOGVBTAWztNw=="
		},
		"node_modules/xtend": {
			"version": "4.0.2",
			"resolved": "https://registry.npmjs.org/xtend/-/xtend-4.0.2.tgz",
			"integrity": "sha512-LKYU1iAXJXUgAXn9URjiu+MWhyUXHsvfp7mcuYm9dSUKK0/CjtrUwFAxD82/mCWbtLsGjFIad0wIsod4zrTAEQ==",
			"engines": {
				"node": ">=0.4"
			}
		},
		"node_modules/zwitch": {
			"version": "1.0.5",
			"resolved": "https://registry.npmjs.org/zwitch/-/zwitch-1.0.5.tgz",
			"integrity": "sha512-V50KMwwzqJV0NpZIZFwfOD5/lyny3WlSzRiXgA0G7VUnRlqttta1L6UQIHzd6EuBY/cHGfwTIck7w1yH6Q5zUw=="
		}
	},
	"dependencies": {
		"@types/hast": {
			"version": "2.3.1",
			"resolved": "https://registry.npmjs.org/@types/hast/-/hast-2.3.1.tgz",
			"integrity": "sha512-viwwrB+6xGzw+G1eWpF9geV3fnsDgXqHG+cqgiHrvQfDUW5hzhCyV7Sy3UJxhfRFBsgky2SSW33qi/YrIkjX5Q==",
			"requires": {
				"@types/unist": "*"
			}
		},
		"@types/parse5": {
			"version": "5.0.3",
			"resolved": "https://registry.npmjs.org/@types/parse5/-/parse5-5.0.3.tgz",
			"integrity": "sha512-kUNnecmtkunAoQ3CnjmMkzNU/gtxG8guhi+Fk2U/kOpIKjIMKnXGp4IJCgQJrXSgMsWYimYG4TGjz/UzbGEBTw=="
		},
		"@types/unist": {
			"version": "2.0.3",
			"resolved": "https://registry.npmjs.org/@types/unist/-/unist-2.0.3.tgz",
			"integrity": "sha512-FvUupuM3rlRsRtCN+fDudtmytGO6iHJuuRKS1Ss0pG5z8oX0diNEw94UEL7hgDbpN94rgaK5R7sWm6RrSkZuAQ=="
		},
		"array-flatten": {
			"version": "3.0.0",
			"resolved": "https://registry.npmjs.org/array-flatten/-/array-flatten-3.0.0.tgz",
			"integrity": "sha512-zPMVc3ZYlGLNk4mpK1NzP2wg0ml9t7fUgDsayR5Y5rSzxQilzR9FGu/EH2jQOcKSAeAfWeylyW8juy3OkWRvNA=="
		},
		"boolbase": {
			"version": "1.0.0",
			"resolved": "https://registry.npmjs.org/boolbase/-/boolbase-1.0.0.tgz",
			"integrity": "sha1-aN/1++YMUes3cl6p4+0xDcwed24="
		},
		"comma-separated-tokens": {
			"version": "1.0.8",
			"resolved": "https://registry.npmjs.org/comma-separated-tokens/-/comma-separated-tokens-1.0.8.tgz",
			"integrity": "sha512-GHuDRO12Sypu2cV70d1dkA2EUmXHgntrzbpvOB+Qy+49ypNfGgFQIC2fhhXbnyrJRynDCAARsT7Ou0M6hirpfw=="
		},
		"css-selector-parser": {
			"version": "1.4.1",
			"resolved": "https://registry.npmjs.org/css-selector-parser/-/css-selector-parser-1.4.1.tgz",
			"integrity": "sha512-HYPSb7y/Z7BNDCOrakL4raGO2zltZkbeXyAd6Tg9obzix6QhzxCotdBl6VT0Dv4vZfJGVz3WL/xaEI9Ly3ul0g=="
		},
		"extend": {
			"version": "3.0.2",
			"resolved": "https://registry.npmjs.org/extend/-/extend-3.0.2.tgz",
			"integrity": "sha512-fjquC59cD7CyW6urNXK0FBufkZcoiGG80wTuPujX590cB5Ttln20E2UB4S/WARVqhXffZl2LNgS+gQdPIIim/g=="
		},
		"hast-util-embedded": {
			"version": "1.0.6",
			"resolved": "https://registry.npmjs.org/hast-util-embedded/-/hast-util-embedded-1.0.6.tgz",
			"integrity": "sha512-JQMW+TJe0UAIXZMjCJ4Wf6ayDV9Yv3PBDPsHD4ExBpAspJ6MOcCX+nzVF+UJVv7OqPcg852WEMSHQPoRA+FVSw==",
			"requires": {
				"hast-util-is-element": "^1.1.0"
			}
		},
		"hast-util-from-dom": {
			"version": "3.0.0",
			"resolved": "https://registry.npmjs.org/hast-util-from-dom/-/hast-util-from-dom-3.0.0.tgz",
			"integrity": "sha512-4vQuGiD5Y/wlD7fZiY4mZML/6oh0GOnH38UNyeDFcSTE4AHF0zjKHZfbd+ekVwPvsZXRl8choc99INHUwSPJlg==",
			"requires": {
				"hastscript": "^6.0.0",
				"web-namespaces": "^1.0.0"
			}
		},
		"hast-util-from-parse5": {
			"version": "6.0.1",
			"resolved": "https://registry.npmjs.org/hast-util-from-parse5/-/hast-util-from-parse5-6.0.1.tgz",
			"integrity": "sha512-jeJUWiN5pSxW12Rh01smtVkZgZr33wBokLzKLwinYOUfSzm1Nl/c3GUGebDyOKjdsRgMvoVbV0VpAcpjF4NrJA==",
			"requires": {
				"@types/parse5": "^5.0.0",
				"hastscript": "^6.0.0",
				"property-information": "^5.0.0",
				"vfile": "^4.0.0",
				"vfile-location": "^3.2.0",
				"web-namespaces": "^1.0.0"
			}
		},
		"hast-util-has-property": {
			"version": "1.0.4",
			"resolved": "https://registry.npmjs.org/hast-util-has-property/-/hast-util-has-property-1.0.4.tgz",
			"integrity": "sha512-ghHup2voGfgFoHMGnaLHOjbYFACKrRh9KFttdCzMCbFoBMJXiNi2+XTrPP8+q6cDJM/RSqlCfVWrjp1H201rZg=="
		},
		"hast-util-is-element": {
			"version": "1.1.0",
			"resolved": "https://registry.npmjs.org/hast-util-is-element/-/hast-util-is-element-1.1.0.tgz",
			"integrity": "sha512-oUmNua0bFbdrD/ELDSSEadRVtWZOf3iF6Lbv81naqsIV99RnSCieTbWuWCY8BAeEfKJTKl0gRdokv+dELutHGQ=="
		},
		"hast-util-parse-selector": {
			"version": "2.2.5",
			"resolved": "https://registry.npmjs.org/hast-util-parse-selector/-/hast-util-parse-selector-2.2.5.tgz",
			"integrity": "sha512-7j6mrk/qqkSehsM92wQjdIgWM2/BW61u/53G6xmC8i1OmEdKLHbk419QKQUjz6LglWsfqoiHmyMRkP1BGjecNQ=="
		},
		"hast-util-to-text": {
			"version": "2.0.1",
			"resolved": "https://registry.npmjs.org/hast-util-to-text/-/hast-util-to-text-2.0.1.tgz",
			"integrity": "sha512-8nsgCARfs6VkwH2jJU9b8LNTuR4700na+0h3PqCaEk4MAnMDeu5P0tP8mjk9LLNGxIeQRLbiDbZVw6rku+pYsQ==",
			"requires": {
				"hast-util-is-element": "^1.0.0",
				"repeat-string": "^1.0.0",
				"unist-util-find-after": "^3.0.0"
			}
		},
		"hast-util-whitespace": {
			"version": "1.0.4",
			"resolved": "https://registry.npmjs.org/hast-util-whitespace/-/hast-util-whitespace-1.0.4.tgz",
			"integrity": "sha512-I5GTdSfhYfAPNztx2xJRQpG8cuDSNt599/7YUn7Gx/WxNMsG+a835k97TDkFgk123cwjfwINaZknkKkphx/f2A=="
		},
		"hastscript": {
			"version": "6.0.0",
			"resolved": "https://registry.npmjs.org/hastscript/-/hastscript-6.0.0.tgz",
			"integrity": "sha512-nDM6bvd7lIqDUiYEiu5Sl/+6ReP0BMk/2f4U/Rooccxkj0P5nm+acM5PrGJ/t5I8qPGiqZSE6hVAwZEdZIvP4w==",
			"requires": {
				"@types/hast": "^2.0.0",
				"comma-separated-tokens": "^1.0.0",
				"hast-util-parse-selector": "^2.0.0",
				"property-information": "^5.0.0",
				"space-separated-tokens": "^1.0.0"
			}
		},
		"is-buffer": {
			"version": "2.0.5",
			"resolved": "https://registry.npmjs.org/is-buffer/-/is-buffer-2.0.5.tgz",
			"integrity": "sha512-i2R6zNFDwgEHJyQUtJEk0XFi1i0dPFn/oqjK3/vPCcDeJvW5NQ83V8QbicfF1SupOaB0h8ntgBC2YiE7dfyctQ=="
		},
		"not": {
			"version": "0.1.0",
			"resolved": "https://registry.npmjs.org/not/-/not-0.1.0.tgz",
			"integrity": "sha1-yWkcF0bFXc++VMvYvU/wQbwrUZ0="
		},
		"nth-check": {
			"version": "2.0.0",
			"resolved": "https://registry.npmjs.org/nth-check/-/nth-check-2.0.0.tgz",
			"integrity": "sha512-i4sc/Kj8htBrAiH1viZ0TgU8Y5XqCaV/FziYK6TBczxmeKm3AEFWqqF3195yKudrarqy7Zu80Ra5dobFjn9X/Q==",
			"requires": {
				"boolbase": "^1.0.0"
			}
		},
		"parse5": {
			"version": "6.0.1",
			"resolved": "https://registry.npmjs.org/parse5/-/parse5-6.0.1.tgz",
			"integrity": "sha512-Ofn/CTFzRGTTxwpNEs9PP93gXShHcTq255nzRYSKe8AkVpZY7e1fpmTfOyoIvjP5HG7Z2ZM7VS9PPhQGW2pOpw==",
			"dev": true
		},
		"property-information": {
			"version": "5.6.0",
			"resolved": "https://registry.npmjs.org/property-information/-/property-information-5.6.0.tgz",
			"integrity": "sha512-YUHSPk+A30YPv+0Qf8i9Mbfe/C0hdPXk1s1jPVToV8pk8BQtpw10ct89Eo7OWkutrwqvT0eicAxlOg3dOAu8JA==",
			"requires": {
				"xtend": "^4.0.0"
			}
		},
		"rehype-minify-whitespace": {
			"version": "4.0.5",
			"resolved": "https://registry.npmjs.org/rehype-minify-whitespace/-/rehype-minify-whitespace-4.0.5.tgz",
			"integrity": "sha512-QC3Z+bZ5wbv+jGYQewpAAYhXhzuH/TVRx7z08rurBmh9AbG8Nu8oJnvs9LWj43Fd/C7UIhXoQ7Wddgt+ThWK5g==",
			"requires": {
				"hast-util-embedded": "^1.0.0",
				"hast-util-is-element": "^1.0.0",
				"hast-util-whitespace": "^1.0.4",
				"unist-util-is": "^4.0.0"
			}
		},
		"repeat-string": {
			"version": "1.6.1",
			"resolved": "https://registry.npmjs.org/repeat-string/-/repeat-string-1.6.1.tgz",
			"integrity": "sha1-jcrkcOHIirwtYA//Sndihtp15jc="
		},
		"space-separated-tokens": {
			"version": "1.1.5",
			"resolved": "https://registry.npmjs.org/space-separated-tokens/-/space-separated-tokens-1.1.5.tgz",
			"integrity": "sha512-q/JSVd1Lptzhf5bkYm4ob4iWPjx0KiRe3sRFBNrVqbJkFaBm5vbbowy1mymoPNLRa52+oadOhJ+K49wsSeSjTA=="
		},
		"tslib": {
			"version": "1.14.1",
			"resolved": "https://registry.npmjs.org/tslib/-/tslib-1.14.1.tgz",
			"integrity": "sha512-Xni35NKzjgMrwevysHTCArtLDpPvye8zV/0E4EyYn43P7/7qvQwPh9BGkHewbMulVntbigmcT7rdX3BNo9wRJg=="
		},
		"unist-util-find-after": {
			"version": "3.0.0",
			"resolved": "https://registry.npmjs.org/unist-util-find-after/-/unist-util-find-after-3.0.0.tgz",
			"integrity": "sha512-ojlBqfsBftYXExNu3+hHLfJQ/X1jYY/9vdm4yZWjIbf0VuWF6CRufci1ZyoD/wV2TYMKxXUoNuoqwy+CkgzAiQ==",
			"requires": {
				"unist-util-is": "^4.0.0"
			}
		},
		"unist-util-inspect": {
			"version": "6.0.1",
			"resolved": "https://registry.npmjs.org/unist-util-inspect/-/unist-util-inspect-6.0.1.tgz",
			"integrity": "sha512-odX3qLR7qhUnUYXsVClNNyiKftVcHDnd10fUBMmZekvyFS/M8toMsKhXQr7sW66NsFiEezQTCxX3M0dpGbfM3w==",
			"dev": true
		},
		"unist-util-is": {
			"version": "4.0.4",
			"resolved": "https://registry.npmjs.org/unist-util-is/-/unist-util-is-4.0.4.tgz",
			"integrity": "sha512-3dF39j/u423v4BBQrk1AQ2Ve1FxY5W3JKwXxVFzBODQ6WEvccguhgp802qQLKSnxPODE6WuRZtV+ohlUg4meBA=="
		},
		"unist-util-select": {
			"version": "3.0.4",
			"resolved": "https://registry.npmjs.org/unist-util-select/-/unist-util-select-3.0.4.tgz",
			"integrity": "sha512-xf1zCu4okgPqGLdhCDpRnjwBNyv3EqjiXRUbz2SdK1+qnLMB7uXXajfzuBvvbHoQ+JLyp4AEbFCGndmc6S72sw==",
			"requires": {
				"css-selector-parser": "^1.0.0",
				"not": "^0.1.0",
				"nth-check": "^2.0.0",
				"unist-util-is": "^4.0.0",
				"zwitch": "^1.0.0"
			}
		},
		"unist-util-stringify-position": {
			"version": "2.0.3",
			"resolved": "https://registry.npmjs.org/unist-util-stringify-position/-/unist-util-stringify-position-2.0.3.tgz",
			"integrity": "sha512-3faScn5I+hy9VleOq/qNbAd6pAx7iH5jYBMS9I1HgQVijz/4mv5Bvw5iw1sC/90CODiKo81G/ps8AJrISn687g==",
			"requires": {
				"@types/unist": "^2.0.2"
			}
		},
		"unist-utils-core": {
			"version": "1.0.5",
			"resolved": "https://registry.npmjs.org/unist-utils-core/-/unist-utils-core-1.0.5.tgz",
			"integrity": "sha512-pRLoK6qpHH8a3+lZADjqdSdt8ZwOJXWl4IoAXnoRqQN95dqlTvqoG3S8aaN4DAxv2UT0B5+qa11oBlGU+XlNVQ==",
			"requires": {
				"tslib": "^1.13.0",
				"unist-util-is": "^4.0.2",
				"unist-util-select": "^3.0.1"
			}
		},
		"vfile": {
			"version": "4.2.1",
			"resolved": "https://registry.npmjs.org/vfile/-/vfile-4.2.1.tgz",
			"integrity": "sha512-O6AE4OskCG5S1emQ/4gl8zK586RqA3srz3nfK/Viy0UPToBc5Trp9BVFb1u0CjsKrAWwnpr4ifM/KBXPWwJbCA==",
			"requires": {
				"@types/unist": "^2.0.0",
				"is-buffer": "^2.0.0",
				"unist-util-stringify-position": "^2.0.0",
				"vfile-message": "^2.0.0"
			}
		},
		"vfile-location": {
			"version": "3.2.0",
			"resolved": "https://registry.npmjs.org/vfile-location/-/vfile-location-3.2.0.tgz",
			"integrity": "sha512-aLEIZKv/oxuCDZ8lkJGhuhztf/BW4M+iHdCwglA/eWc+vtuRFJj8EtgceYFX4LRjOhCAAiNHsKGssC6onJ+jbA=="
		},
		"vfile-message": {
			"version": "2.0.4",
			"resolved": "https://registry.npmjs.org/vfile-message/-/vfile-message-2.0.4.tgz",
			"integrity": "sha512-DjssxRGkMvifUOJre00juHoP9DPWuzjxKuMDrhNbk2TdaYYBNMStsNhEOt3idrtI12VQYM/1+iM0KOzXi4pxwQ==",
			"requires": {
				"@types/unist": "^2.0.0",
				"unist-util-stringify-position": "^2.0.0"
			}
		},
		"web-namespaces": {
			"version": "1.1.4",
			"resolved": "https://registry.npmjs.org/web-namespaces/-/web-namespaces-1.1.4.tgz",
			"integrity": "sha512-wYxSGajtmoP4WxfejAPIr4l0fVh+jeMXZb08wNc0tMg6xsfZXj3cECqIK0G7ZAqUq0PP8WlMDtaOGVBTAWztNw=="
		},
		"xtend": {
			"version": "4.0.2",
			"resolved": "https://registry.npmjs.org/xtend/-/xtend-4.0.2.tgz",
			"integrity": "sha512-LKYU1iAXJXUgAXn9URjiu+MWhyUXHsvfp7mcuYm9dSUKK0/CjtrUwFAxD82/mCWbtLsGjFIad0wIsod4zrTAEQ=="
		},
		"zwitch": {
			"version": "1.0.5",
			"resolved": "https://registry.npmjs.org/zwitch/-/zwitch-1.0.5.tgz",
			"integrity": "sha512-V50KMwwzqJV0NpZIZFwfOD5/lyny3WlSzRiXgA0G7VUnRlqttta1L6UQIHzd6EuBY/cHGfwTIck7w1yH6Q5zUw=="
		}
	}
}
