{
  "name": "datocms-structured-text-renderer",
  "version": "0.1.0",
  "lockfileVersion": 1,
  "requires": true,
  "dependencies": {
    "@types/vhtml": {
      "version": "2.2.0",
      "resolved": "https://registry.npmjs.org/@types/vhtml/-/vhtml-2.2.0.tgz",
      "integrity": "sha512-pZdfQmIZHPqcvGNEr7vquhAw2zAQqXLCqEwekbA1K044SjdHb8NbzEFerN0noB/Teq1ycFlyOIVqsKBnw76X/Q==",
      "dev": true
    },
    "datocms-structured-text-utils": {
      "version": "0.1.0"
    },
    "vhtml": {
      "version": "2.2.0",
      "resolved": "https://registry.npmjs.org/vhtml/-/vhtml-2.2.0.tgz",
      "integrity": "sha512-TPXrXrxBOslRUVnlVkiAqhoXneiertIg86bdvzionrUYhEuiROvyPZNiiP6GIIJ2Q7oPNVyEtIx8gMAZZE9lCQ==",
      "dev": true
    }
  }
}
