{
	"name": "datocms-structured-text-utils",
	"version": "0.1.0-alpha.27",
	"lockfileVersion": 1,
	"requires": true,
	"dependencies": {
		"@types/lodash": {
			"version": "4.14.167",
			"resolved": "https://registry.npmjs.org/@types/lodash/-/lodash-4.14.167.tgz",
			"integrity": "sha512-w7tQPjARrvdeBkX/Rwg95S592JwxqOjmms3zWQ0XZgSyxSLdzWaYH3vErBhdVS/lRBX7F8aBYcYJYTr5TMGOzw==",
			"dev": true
		},
		"@types/lodash.flatten": {
			"version": "4.4.6",
			"resolved": "https://registry.npmjs.org/@types/lodash.flatten/-/lodash.flatten-4.4.6.tgz",
			"integrity": "sha512-omCBl4M8EJSmf2DZqh4/zwjgXQpzC7YO/PXTcG8rI9r7xun8CohrHeNx8HZRkqWc61uJfIaZop9MwJEXPVssHw==",
			"dev": true,
			"requires": {
				"@types/lodash": "*"
			}
		},
		"lodash.flatten": {
			"version": "4.4.0",
			"resolved": "https://registry.npmjs.org/lodash.flatten/-/lodash.flatten-4.4.0.tgz",
			"integrity": "sha1-8xwiIlqWMtK7+OSt2+8kCqdlph8="
		}
	}
}
